
Microsoft Visual Studio Solution File, Format Version 12.00
# Visual Studio Version 16
VisualStudioVersion = 16.0.809.5
MinimumVisualStudioVersion = 10.0.40219.1
Project("{FAE04EC0-301F-11D3-BF4B-00C04F79EFBC}") = "intex2", "intex2\intex2.csproj", "{B84B13F8-9D3E-48AB-9CD0-4E82EF16FF4E}"
EndProject
Global
	GlobalSection(SolutionConfigurationPlatforms) = preSolution
		Debug|Any CPU = Debug|Any CPU
		Release|Any CPU = Release|Any CPU
	EndGlobalSection
	GlobalSection(ProjectConfigurationPlatforms) = postSolution
		{B84B13F8-9D3E-48AB-9CD0-4E82EF16FF4E}.Debug|Any CPU.ActiveCfg = Debug|Any CPU
		{B84B13F8-9D3E-48AB-9CD0-4E82EF16FF4E}.Debug|Any CPU.Build.0 = Debug|Any CPU
		{B84B13F8-9D3E-48AB-9CD0-4E82EF16FF4E}.Release|Any CPU.ActiveCfg = Release|Any CPU
		{B84B13F8-9D3E-48AB-9CD0-4E82EF16FF4E}.Release|Any CPU.Build.0 = Release|Any CPU
	EndGlobalSection
	GlobalSection(SolutionProperties) = preSolution
		HideSolutionNode = FALSE
	EndGlobalSection
	GlobalSection(ExtensibilityGlobals) = postSolution
		SolutionGuid = {D168E2E6-7802-4946-A47E-3882256270F8}
	EndGlobalSection
EndGlobal
